
Microsoft Visual Studio Solution File, Format Version 11.00
# Visual Studio 2010
Project("{FAE04EC0-301F-11D3-BF4B-00C04F79EFBC}") = "dSampleTestP", "dSampleTestP\dSampleTestP.csproj", "{F4A6B5A2-C6C4-48EA-B508-1102EA9BFA0B}"
EndProject
Global
	GlobalSection(SolutionConfigurationPlatforms) = preSolution
		Debug|Any CPU = Debug|Any CPU
		Release|Any CPU = Release|Any CPU
	EndGlobalSection
	GlobalSection(ProjectConfigurationPlatforms) = postSolution
		{F4A6B5A2-C6C4-48EA-B508-1102EA9BFA0B}.Debug|Any CPU.ActiveCfg = Debug|Any CPU
		{F4A6B5A2-C6C4-48EA-B508-1102EA9BFA0B}.Debug|Any CPU.Build.0 = Debug|Any CPU
		{F4A6B5A2-C6C4-48EA-B508-1102EA9BFA0B}.Release|Any CPU.ActiveCfg = Release|Any CPU
		{F4A6B5A2-C6C4-48EA-B508-1102EA9BFA0B}.Release|Any CPU.Build.0 = Release|Any CPU
	EndGlobalSection
	GlobalSection(MonoDevelopProperties) = preSolution
		StartupItem = dSampleTestP\dSampleTestP.csproj
	EndGlobalSection
EndGlobal
